bioguide: state_mt_gov_steve_bullock
contact_form:
  method: post
  action: ""
  steps:
    - visit: "http://governor.mt.gov/Home/Contact/shareopinion"
    - fill_in:
        - name: prefix
          selector: input#dnn7787Prefix
          value: $NAME_PREFIX
          required: false
        - name: first
          selector: "#dnn7787FirstName"
          value: $NAME_FIRST
          required: true
        - name: last
          selector: "#dnn7787LastName"
          value: $NAME_LAST
          required: true
        - name: email
          selector: "#dnn7787Email"
          value: $EMAIL
          required: true
        - name: street
          selector: "#dnn7787MailingAddress"
          value: $ADDRESS_STREET
          required: true
        - name: city
          selector: "#dnn7787City"
          value: $ADDRESS_CITY
          required: true
        - name: zip5
          selector: "#dnn7787ZipCode"
          value: $ADDRESS_ZIP5
          required: true
        - name: phone
          selector: "#dnn7787Phone"
          value: $PHONE
          required: true
        - name: message
          selector: "#dnn7787Comments"
          value: $MESSAGE
          required: true
    - click_on:
        - value: Send Now
          selector: button#dnn7787SendNow
    - find:
        - selector: div.submit-confirm p
  success:
    headers:
      status: 200
    body:
      contains: Thank you for your comments
